
Microsoft Visual Studio Solution File, Format Version 12.00
# Visual Studio Version 17
VisualStudioVersion = 17.0.31903.59
MinimumVisualStudioVersion = 10.0.40219.1
Project("{FAE04EC0-301F-11D3-BF4B-00C04F79EFBC}") = "MyCookBookApi", "MyCookBookApi\MyCookBookApi.csproj", "{EE51961E-5D79-46A8-A70D-CADC7410F3B3}"
EndProject
Project("{FAE04EC0-301F-11D3-BF4B-00C04F79EFBC}") = "MyCookBookApi.Tests", "MyCookBookApi.Tests\MyCookBookApi.Tests.csproj", "{92034E36-C6C8-457B-96E4-BD130AEE5796}"
EndProject
Global
	GlobalSection(SolutionConfigurationPlatforms) = preSolution
		Debug|Any CPU = Debug|Any CPU
		Release|Any CPU = Release|Any CPU
	EndGlobalSection
	GlobalSection(SolutionProperties) = preSolution
		HideSolutionNode = FALSE
	EndGlobalSection
	GlobalSection(ProjectConfigurationPlatforms) = postSolution
		{EE51961E-5D79-46A8-A70D-CADC7410F3B3}.Debug|Any CPU.ActiveCfg = Debug|Any CPU
		{EE51961E-5D79-46A8-A70D-CADC7410F3B3}.Debug|Any CPU.Build.0 = Debug|Any CPU
		{EE51961E-5D79-46A8-A70D-CADC7410F3B3}.Release|Any CPU.ActiveCfg = Release|Any CPU
		{EE51961E-5D79-46A8-A70D-CADC7410F3B3}.Release|Any CPU.Build.0 = Release|Any CPU
		{92034E36-C6C8-457B-96E4-BD130AEE5796}.Debug|Any CPU.ActiveCfg = Debug|Any CPU
		{92034E36-C6C8-457B-96E4-BD130AEE5796}.Debug|Any CPU.Build.0 = Debug|Any CPU
		{92034E36-C6C8-457B-96E4-BD130AEE5796}.Release|Any CPU.ActiveCfg = Release|Any CPU
		{92034E36-C6C8-457B-96E4-BD130AEE5796}.Release|Any CPU.Build.0 = Release|Any CPU
	EndGlobalSection
EndGlobal
